// !$*UTF8*$!
{
	archiveVersion = 1;
	classes = {
	};
	objectVersion = 46;
	objects = {

/* Begin PBXBuildFile section */
		9462C3EF19947CBA00CB35B8 /* AppDelegate.swift in Sources */ = {isa = PBXBuildFile; fileRef = 9462C3EE19947CBA00CB35B8 /* AppDelegate.swift */; };
		9462C3F219947CBA00CB35B8 /* CoreImageTest.xcdatamodeld in Sources */ = {isa = PBXBuildFile; fileRef = 9462C3F019947CBA00CB35B8 /* CoreImageTest.xcdatamodeld */; };
		9462C3F419947CBA00CB35B8 /* MasterViewController.swift in Sources */ = {isa = PBXBuildFile; fileRef = 9462C3F319947CBA00CB35B8 /* MasterViewController.swift */; };
		9462C3F619947CBA00CB35B8 /* DetailViewController.swift in Sources */ = {isa = PBXBuildFile; fileRef = 9462C3F519947CBA00CB35B8 /* DetailViewController.swift */; };
		9462C3F919947CBA00CB35B8 /* Main.storyboard in Resources */ = {isa = PBXBuildFile; fileRef = 9462C3F719947CBA00CB35B8 /* Main.storyboard */; };
		9462C3FB19947CBA00CB35B8 /* Images.xcassets in Resources */ = {isa = PBXBuildFile; fileRef = 9462C3FA19947CBA00CB35B8 /* Images.xcassets */; };
		9462C40719947CBA00CB35B8 /* CoreImageTestTests.swift in Sources */ = {isa = PBXBuildFile; fileRef = 9462C40619947CBA00CB35B8 /* CoreImageTestTests.swift */; };
/* End PBXBuildFile section */

/* Begin PBXContainerItemProxy section */
		9462C40119947CBA00CB35B8 /* PBXContainerItemProxy */ = {
			isa = PBXContainerItemProxy;
			containerPortal = 9462C3E119947CBA00CB35B8 /* Project object */;
			proxyType = 1;
			remoteGlobalIDString = 9462C3E819947CBA00CB35B8;
			remoteInfo = CoreImageTest;
		};
/* End PBXContainerItemProxy section */

/* Begin PBXFileReference section */
		9462C3E919947CBA00CB35B8 /* CoreImageTest.app */ = {isa = PBXFileReference; explicitFileType = wrapper.application; includeInIndex = 0; path = CoreImageTest.app; sourceTree = BUILT_PRODUCTS_DIR; };
		9462C3ED19947CBA00CB35B8 /* Info.plist */ = {isa = PBXFileReference; lastKnownFileType = text.plist.xml; path = Info.plist; sourceTree = "<group>"; };
		9462C3EE19947CBA00CB35B8 /* AppDelegate.swift */ = {isa = PBXFileReference; lastKnownFileType = sourcecode.swift; path = AppDelegate.swift; sourceTree = "<group>"; };
		9462C3F119947CBA00CB35B8 /* CoreImageTest.xcdatamodel */ = {isa = PBXFileReference; lastKnownFileType = wrapper.xcdatamodel; path = CoreImageTest.xcdatamodel; sourceTree = "<group>"; };
		9462C3F319947CBA00CB35B8 /* MasterViewController.swift */ = {isa = PBXFileReference; lastKnownFileType = sourcecode.swift; path = MasterViewController.swift; sourceTree = "<group>"; };
		9462C3F519947CBA00CB35B8 /* DetailViewController.swift */ = {isa = PBXFileReference; lastKnownFileType = sourcecode.swift; path = DetailViewController.swift; sourceTree = "<group>"; };
		9462C3F819947CBA00CB35B8 /* Base */ = {isa = PBXFileReference; lastKnownFileType = file.storyboard; name = Base; path = Base.lproj/Main.storyboard; sourceTree = "<group>"; };
		9462C3FA19947CBA00CB35B8 /* Images.xcassets */ = {isa = PBXFileReference; lastKnownFileType = folder.assetcatalog; path = Images.xcassets; sourceTree = "<group>"; };
		9462C40019947CBA00CB35B8 /* CoreImageTestTests.xctest */ = {isa = PBXFileReference; explicitFileType = wrapper.cfbundle; includeInIndex = 0; path = CoreImageTestTests.xctest; sourceTree = BUILT_PRODUCTS_DIR; };
		9462C40519947CBA00CB35B8 /* Info.plist */ = {isa = PBXFileReference; lastKnownFileType = text.plist.xml; path = Info.plist; sourceTree = "<group>"; };
		9462C40619947CBA00CB35B8 /* CoreImageTestTests.swift */ = {isa = PBXFileReference; lastKnownFileType = sourcecode.swift; path = CoreImageTestTests.swift; sourceTree = "<group>"; };
/* End PBXFileReference section */

/* Begin PBXFrameworksBuildPhase section */
		9462C3E619947CBA00CB35B8 /* Frameworks */ = {
			isa = PBXFrameworksBuildPhase;
			buildActionMask = 2147483647;
			files = (
			);
			runOnlyForDeploymentPostprocessing = 0;
		};
		9462C3FD19947CBA00CB35B8 /* Frameworks */ = {
			isa = PBXFrameworksBuildPhase;
			buildActionMask = 2147483647;
			files = (
			);
			runOnlyForDeploymentPostprocessing = 0;
		};
/* End PBXFrameworksBuildPhase section */

/* Begin PBXGroup section */
		9462C3E019947CBA00CB35B8 = {
			isa = PBXGroup;
			children = (
				9462C3EB19947CBA00CB35B8 /* CoreImageTest */,
				9462C40319947CBA00CB35B8 /* CoreImageTestTests */,
				9462C3EA19947CBA00CB35B8 /* Products */,
			);
			sourceTree = "<group>";
		};
		9462C3EA19947CBA00CB35B8 /* Products */ = {
			isa = PBXGroup;
			children = (
				9462C3E919947CBA00CB35B8 /* CoreImageTest.app */,
				9462C40019947CBA00CB35B8 /* CoreImageTestTests.xctest */,
			);
			name = Products;
			sourceTree = "<group>";
		};
		9462C3EB19947CBA00CB35B8 /* CoreImageTest */ = {
			isa = PBXGroup;
			children = (
				9462C3EE19947CBA00CB35B8 /* AppDelegate.swift */,
				9462C3F319947CBA00CB35B8 /* MasterViewController.swift */,
				9462C3F519947CBA00CB35B8 /* DetailViewController.swift */,
				9462C3F719947CBA00CB35B8 /* Main.storyboard */,
				9462C3FA19947CBA00CB35B8 /* Images.xcassets */,
				9462C3F019947CBA00CB35B8 /* CoreImageTest.xcdatamodeld */,
				9462C3EC19947CBA00CB35B8 /* Supporting Files */,
			);
			path = CoreImageTest;
			sourceTree = "<group>";
		};
		9462C3EC19947CBA00CB35B8 /* Supporting Files */ = {
			isa = PBXGroup;
			children = (
				9462C3ED19947CBA00CB35B8 /* Info.plist */,
			);
			name = "Supporting Files";
			sourceTree = "<group>";
		};
		9462C40319947CBA00CB35B8 /* CoreImageTestTests */ = {
			isa = PBXGroup;
			children = (
				9462C40619947CBA00CB35B8 /* CoreImageTestTests.swift */,
				9462C40419947CBA00CB35B8 /* Supporting Files */,
			);
			path = CoreImageTestTests;
			sourceTree = "<group>";
		};
		9462C40419947CBA00CB35B8 /* Supporting Files */ = {
			isa = PBXGroup;
			children = (
				9462C40519947CBA00CB35B8 /* Info.plist */,
			);
			name = "Supporting Files";
			sourceTree = "<group>";
		};
/* End PBXGroup section */

/* Begin PBXNativeTarget section */
		9462C3E819947CBA00CB35B8 /* CoreImageTest */ = {
			isa = PBXNativeTarget;
			buildConfigurationList = 9462C40A19947CBA00CB35B8 /* Build configuration list for PBXNativeTarget "CoreImageTest" */;
			buildPhases = (
				9462C3E519947CBA00CB35B8 /* Sources */,
				9462C3E619947CBA00CB35B8 /* Frameworks */,
				9462C3E719947CBA00CB35B8 /* Resources */,
			);
			buildRules = (
			);
			dependencies = (
			);
			name = CoreImageTest;
			productName = CoreImageTest;
			productReference = 9462C3E919947CBA00CB35B8 /* CoreImageTest.app */;
			productType = "com.apple.product-type.application";
		};
		9462C3FF19947CBA00CB35B8 /* CoreImageTestTests */ = {
			isa = PBXNativeTarget;
			buildConfigurationList = 9462C40D19947CBA00CB35B8 /* Build configuration list for PBXNativeTarget "CoreImageTestTests" */;
			buildPhases = (
				9462C3FC19947CBA00CB35B8 /* Sources */,
				9462C3FD19947CBA00CB35B8 /* Frameworks */,
				9462C3FE19947CBA00CB35B8 /* Resources */,
			);
			buildRules = (
			);
			dependencies = (
				9462C40219947CBA00CB35B8 /* PBXTargetDependency */,
			);
			name = CoreImageTestTests;
			productName = CoreImageTestTests;
			productReference = 9462C40019947CBA00CB35B8 /* CoreImageTestTests.xctest */;
			productType = "com.apple.product-type.bundle.unit-test";
		};
/* End PBXNativeTarget section */

/* Begin PBXProject section */
		9462C3E119947CBA00CB35B8 /* Project object */ = {
			isa = PBXProject;
			attributes = {
				LastUpgradeCheck = 0600;
				ORGANIZATIONNAME = ryan.zhang;
				TargetAttributes = {
					9462C3E819947CBA00CB35B8 = {
						CreatedOnToolsVersion = 6.0;
					};
					9462C3FF19947CBA00CB35B8 = {
						CreatedOnToolsVersion = 6.0;
						TestTargetID = 9462C3E819947CBA00CB35B8;
					};
				};
			};
			buildConfigurationList = 9462C3E419947CBA00CB35B8 /* Build configuration list for PBXProject "CoreImageTest" */;
			compatibilityVersion = "Xcode 3.2";
			developmentRegion = English;
			hasScannedForEncodings = 0;
			knownRegions = (
				en,
				Base,
			);
			mainGroup = 9462C3E019947CBA00CB35B8;
			productRefGroup = 9462C3EA19947CBA00CB35B8 /* Products */;
			projectDirPath = "";
			projectRoot = "";
			targets = (
				9462C3E819947CBA00CB35B8 /* CoreImageTest */,
				9462C3FF19947CBA00CB35B8 /* CoreImageTestTests */,
			);
		};
/* End PBXProject section */

/* Begin PBXResourcesBuildPhase section */
		9462C3E719947CBA00CB35B8 /* Resources */ = {
			isa = PBXResourcesBuildPhase;
			buildActionMask = 2147483647;
			files = (
				9462C3F919947CBA00CB35B8 /* Main.storyboard in Resources */,
				9462C3FB19947CBA00CB35B8 /* Images.xcassets in Resources */,
			);
			runOnlyForDeploymentPostprocessing = 0;
		};
		9462C3FE19947CBA00CB35B8 /* Resources */ = {
			isa = PBXResourcesBuildPhase;
			buildActionMask = 2147483647;
			files = (
			);
			runOnlyForDeploymentPostprocessing = 0;
		};
/* End PBXResourcesBuildPhase section */

/* Begin PBXSourcesBuildPhase section */
		9462C3E519947CBA00CB35B8 /* Sources */ = {
			isa = PBXSourcesBuildPhase;
			buildActionMask = 2147483647;
			files = (
				9462C3F219947CBA00CB35B8 /* CoreImageTest.xcdatamodeld in Sources */,
				9462C3EF19947CBA00CB35B8 /* AppDelegate.swift in Sources */,
				9462C3F419947CBA00CB35B8 /* MasterViewController.swift in Sources */,
				9462C3F619947CBA00CB35B8 /* DetailViewController.swift in Sources */,
			);
			runOnlyForDeploymentPostprocessing = 0;
		};
		9462C3FC19947CBA00CB35B8 /* Sources */ = {
			isa = PBXSourcesBuildPhase;
			buildActionMask = 2147483647;
			files = (
				9462C40719947CBA00CB35B8 /* CoreImageTestTests.swift in Sources */,
			);
			runOnlyForDeploymentPostprocessing = 0;
		};
/* End PBXSourcesBuildPhase section */

/* Begin PBXTargetDependency section */
		9462C40219947CBA00CB35B8 /* PBXTargetDependency */ = {
			isa = PBXTargetDependency;
			target = 9462C3E819947CBA00CB35B8 /* CoreImageTest */;
			targetProxy = 9462C40119947CBA00CB35B8 /* PBXContainerItemProxy */;
		};
/* End PBXTargetDependency section */

/* Begin PBXVariantGroup section */
		9462C3F719947CBA00CB35B8 /* Main.storyboard */ = {
			isa = PBXVariantGroup;
			children = (
				9462C3F819947CBA00CB35B8 /* Base */,
			);
			name = Main.storyboard;
			sourceTree = "<group>";
		};
/* End PBXVariantGroup section */

/* Begin XCBuildConfiguration section */
		9462C40819947CBA00CB35B8 /* Debug */ = {
			isa = XCBuildConfiguration;
			buildSettings = {
				ALWAYS_SEARCH_USER_PATHS = NO;
				CLANG_CXX_LANGUAGE_STANDARD = "gnu++0x";
				CLANG_CXX_LIBRARY = "libc++";
				CLANG_ENABLE_MODULES = YES;
				CLANG_ENABLE_OBJC_ARC = YES;
				CLANG_WARN_BOOL_CONVERSION = YES;
				CLANG_WARN_CONSTANT_CONVERSION = YES;
				CLANG_WARN_DIRECT_OBJC_ISA_USAGE = YES_ERROR;
				CLANG_WARN_EMPTY_BODY = YES;
				CLANG_WARN_ENUM_CONVERSION = YES;
				CLANG_WARN_INT_CONVERSION = YES;
				CLANG_WARN_OBJC_ROOT_CLASS = YES_ERROR;
				CLANG_WARN_UNREACHABLE_CODE = YES;
				CLANG_WARN__DUPLICATE_METHOD_MATCH = YES;
				"CODE_SIGN_IDENTITY[sdk=iphoneos*]" = "iPhone Developer";
				COPY_PHASE_STRIP = NO;
				ENABLE_STRICT_OBJC_MSGSEND = YES;
				GCC_C_LANGUAGE_STANDARD = gnu99;
				GCC_DYNAMIC_NO_PIC = NO;
				GCC_OPTIMIZATION_LEVEL = 0;
				GCC_PREPROCESSOR_DEFINITIONS = (
					"DEBUG=1",
					"$(inherited)",
				);
				GCC_SYMBOLS_PRIVATE_EXTERN = NO;
				GCC_WARN_64_TO_32_BIT_CONVERSION = YES;
				GCC_WARN_ABOUT_RETURN_TYPE = YES_ERROR;
				GCC_WARN_UNDECLARED_SELECTOR = YES;
				GCC_WARN_UNINITIALIZED_AUTOS = YES_AGGRESSIVE;
				GCC_WARN_UNUSED_FUNCTION = YES;
				GCC_WARN_UNUSED_VARIABLE = YES;
				IPHONEOS_DEPLOYMENT_TARGET = 8.0;
				MTL_ENABLE_DEBUG_INFO = YES;
				ONLY_ACTIVE_ARCH = YES;
				SDKROOT = iphoneos;
				SWIFT_OPTIMIZATION_LEVEL = "-Onone";
			};
			name = Debug;
		};
		9462C40919947CBA00CB35B8 /* Release */ = {
			isa = XCBuildConfiguration;
			buildSettings = {
				ALWAYS_SEARCH_USER_PATHS = NO;
				CLANG_CXX_LANGUAGE_STANDARD = "gnu++0x";
				CLANG_CXX_LIBRARY = "libc++";
				CLANG_ENABLE_MODULES = YES;
				CLANG_ENABLE_OBJC_ARC = YES;
				CLANG_WARN_BOOL_CONVERSION = YES;
				CLANG_WARN_CONSTANT_CONVERSION = YES;
				CLANG_WARN_DIRECT_OBJC_ISA_USAGE = YES_ERROR;
				CLANG_WARN_EMPTY_BODY = YES;
				CLANG_WARN_ENUM_CONVERSION = YES;
				CLANG_WARN_INT_CONVERSION = YES;
				CLANG_WARN_OBJC_ROOT_CLASS = YES_ERROR;
				CLANG_WARN_UNREACHABLE_CODE = YES;
				CLANG_WARN__DUPLICATE_METHOD_MATCH = YES;
				"CODE_SIGN_IDENTITY[sdk=iphoneos*]" = "iPhone Developer";
				COPY_PHASE_STRIP = YES;
				ENABLE_NS_ASSERTIONS = NO;
				ENABLE_STRICT_OBJC_MSGSEND = YES;
				GCC_C_LANGUAGE_STANDARD = gnu99;
				GCC_WARN_64_TO_32_BIT_CONVERSION = YES;
				GCC_WARN_ABOUT_RETURN_TYPE = YES_ERROR;
				GCC_WARN_UNDECLARED_SELECTOR = YES;
				GCC_WARN_UNINITIALIZED_AUTOS = YES_AGGRESSIVE;
				GCC_WARN_UNUSED_FUNCTION = YES;
				GCC_WARN_UNUSED_VARIABLE = YES;
				IPHONEOS_DEPLOYMENT_TARGET = 8.0;
				MTL_ENABLE_DEBUG_INFO = NO;
				SDKROOT = iphoneos;
				VALIDATE_PRODUCT = YES;
			};
			name = Release;
		};
		9462C40B19947CBA00CB35B8 /* Debug */ = {
			isa = XCBuildConfiguration;
			buildSettings = {
				ASSETCATALOG_COMPILER_APPICON_NAME = AppIcon;
				ASSETCATALOG_COMPILER_LAUNCHIMAGE_NAME = LaunchImage;
				INFOPLIST_FILE = CoreImageTest/Info.plist;
				LD_RUNPATH_SEARCH_PATHS = "$(inherited) @executable_path/Frameworks";
				PRODUCT_NAME = "$(TARGET_NAME)";
			};
			name = Debug;
		};
		9462C40C19947CBA00CB35B8 /* Release */ = {
			isa = XCBuildConfiguration;
			buildSettings = {
				ASSETCATALOG_COMPILER_APPICON_NAME = AppIcon;
				ASSETCATALOG_COMPILER_LAUNCHIMAGE_NAME = LaunchImage;
				INFOPLIST_FILE = CoreImageTest/Info.plist;
				LD_RUNPATH_SEARCH_PATHS = "$(inherited) @executable_path/Frameworks";
				PRODUCT_NAME = "$(TARGET_NAME)";
			};
			name = Release;
		};
		9462C40E19947CBA00CB35B8 /* Debug */ = {
			isa = XCBuildConfiguration;
			buildSettings = {
				BUNDLE_LOADER = "$(TEST_HOST)";
				FRAMEWORK_SEARCH_PATHS = (
					"$(SDKROOT)/Developer/Library/Frameworks",
					"$(inherited)",
				);
				GCC_PREPROCESSOR_DEFINITIONS = (
					"DEBUG=1",
					"$(inherited)",
				);
				INFOPLIST_FILE = CoreImageTestTests/Info.plist;
				LD_RUNPATH_SEARCH_PATHS = "$(inherited) @executable_path/Frameworks @loader_path/Frameworks";
				PRODUCT_NAME = "$(TARGET_NAME)";
				TEST_HOST = "$(BUILT_PRODUCTS_DIR)/CoreImageTest.app/CoreImageTest";
			};
			name = Debug;
		};
		9462C40F19947CBA00CB35B8 /* Release */ = {
			isa = XCBuildConfiguration;
			buildSettings = {
				BUNDLE_LOADER = "$(TEST_HOST)";
				FRAMEWORK_SEARCH_PATHS = (
					"$(SDKROOT)/Developer/Library/Frameworks",
					"$(inherited)",
				);
				INFOPLIST_FILE = CoreImageTestTests/Info.plist;
				LD_RUNPATH_SEARCH_PATHS = "$(inherited) @executable_path/Frameworks @loader_path/Frameworks";
				PRODUCT_NAME = "$(TARGET_NAME)";
				TEST_HOST = "$(BUILT_PRODUCTS_DIR)/CoreImageTest.app/CoreImageTest";
			};
			name = Release;
		};
/* End XCBuildConfiguration section */

/* Begin XCConfigurationList section */
		9462C3E419947CBA00CB35B8 /* Build configuration list for PBXProject "CoreImageTest" */ = {
			isa = XCConfigurationList;
			buildConfigurations = (
				9462C40819947CBA00CB35B8 /* Debug */,
				9462C40919947CBA00CB35B8 /* Release */,
			);
			defaultConfigurationIsVisible = 0;
			defaultConfigurationName = Release;
		};
		9462C40A19947CBA00CB35B8 /* Build configuration list for PBXNativeTarget "CoreImageTest" */ = {
			isa = XCConfigurationList;
			buildConfigurations = (
				9462C40B19947CBA00CB35B8 /* Debug */,
				9462C40C19947CBA00CB35B8 /* Release */,
			);
			defaultConfigurationIsVisible = 0;
		};
		9462C40D19947CBA00CB35B8 /* Build configuration list for PBXNativeTarget "CoreImageTestTests" */ = {
			isa = XCConfigurationList;
			buildConfigurations = (
				9462C40E19947CBA00CB35B8 /* Debug */,
				9462C40F19947CBA00CB35B8 /* Release */,
			);
			defaultConfigurationIsVisible = 0;
		};
/* End XCConfigurationList section */

/* Begin XCVersionGroup section */
		9462C3F019947CBA00CB35B8 /* CoreImageTest.xcdatamodeld */ = {
			isa = XCVersionGroup;
			children = (
				9462C3F119947CBA00CB35B8 /* CoreImageTest.xcdatamodel */,
			);
			currentVersion = 9462C3F119947CBA00CB35B8 /* CoreImageTest.xcdatamodel */;
			path = CoreImageTest.xcdatamodeld;
			sourceTree = "<group>";
			versionGroupType = wrapper.xcdatamodel;
		};
/* End XCVersionGroup section */
	};
	rootObject = 9462C3E119947CBA00CB35B8 /* Project object */;
}
